<Solution>
  <Folder Name="/Solution Items/">
    <File Path=".dockerignore" />
    <File Path=".env" />
    <File Path=".gitignore" />
    <File Path="cleanup.ps1" />
    <File Path="docker-compose.yml" />
    <File Path="docker-stack.yml" />
    <File Path="docker-utils.ps1" />
    <File Path="Dockerfile" />
    <File Path="prometheus.yml" />
    <File Path="README.md" />
  </Folder>
  <Project Path="TodoApiLite.Api/TodoApiLite.Api.csproj" />
</Solution>
